
Microsoft Visual Studio Solution File, Format Version 12.00
# Visual Studio Version 17
VisualStudioVersion = 17.5.002.0
MinimumVisualStudioVersion = 10.0.40219.1
Project("{9A19103F-16F7-4668-BE54-9A1E7A4F7556}") = "CustomBoomboxTracks", "CustomBoomboxTracks.csproj", "{A5AEB0E1-06DA-4C1A-8FE5-31B0053BEF63}"
EndProject
Global
	GlobalSection(SolutionConfigurationPlatforms) = preSolution
		Debug|Any CPU = Debug|Any CPU
		Release|Any CPU = Release|Any CPU
	EndGlobalSection
	GlobalSection(ProjectConfigurationPlatforms) = postSolution
		{A5AEB0E1-06DA-4C1A-8FE5-31B0053BEF63}.Debug|Any CPU.ActiveCfg = Debug|Any CPU
		{A5AEB0E1-06DA-4C1A-8FE5-31B0053BEF63}.Debug|Any CPU.Build.0 = Debug|Any CPU
		{A5AEB0E1-06DA-4C1A-8FE5-31B0053BEF63}.Release|Any CPU.ActiveCfg = Release|Any CPU
		{A5AEB0E1-06DA-4C1A-8FE5-31B0053BEF63}.Release|Any CPU.Build.0 = Release|Any CPU
	EndGlobalSection
	GlobalSection(SolutionProperties) = preSolution
		HideSolutionNode = FALSE
	EndGlobalSection
	GlobalSection(ExtensibilityGlobals) = postSolution
		SolutionGuid = {8D2669FA-552B-480B-912D-6AB2DD69682D}
	EndGlobalSection
EndGlobal
